<?xml version="1.0" encoding="utf-8"?>
<Project ToolsVersion="4.0" xmlns="http://schemas.microsoft.com/developer/msbuild/2003">
  <ItemGroup>
    <Filter Include="Source Files">
      <UniqueIdentifier>{02db943f-c527-4ad4-a2e3-fb354307731e}</UniqueIdentifier>
      <Extensions>cpp</Extensions>
    </Filter>
    <Filter Include="Miscellaneous Files">
      <UniqueIdentifier>{c496ca20-d9e3-4ee5-95be-8ee5c51a75d4}</UniqueIdentifier>
      <Extensions>txt</Extensions>
    </Filter>
    <Filter Include="common">
      <UniqueIdentifier>{0bb19cdd-d9b0-4f91-85fb-474ac5b7f2ad}</UniqueIdentifier>
    </Filter>
    <Filter Include="common\utilities">
      <UniqueIdentifier>{d1712b80-a0b7-4127-a3c4-ca14ca16f47b}</UniqueIdentifier>
    </Filter>
    <Filter Include="common\shadingTools">
      <UniqueIdentifier>{6239aafd-8b7a-4668-b3d1-8ac8df5fbdf8}</UniqueIdentifier>
    </Filter>
    <Filter Include="common\mayarendernodes">
      <UniqueIdentifier>{8580b335-0787-4bf6-88a9-a50a4fe96c23}</UniqueIdentifier>
    </Filter>
    <Filter Include="ressources">
      <UniqueIdentifier>{f40734d1-1307-4116-8ce5-7bd286f02559}</UniqueIdentifier>
    </Filter>
    <Filter Include="Source Files\Indigo">
      <UniqueIdentifier>{831bd360-ab0c-4180-b2e7-a04f84982b9c}</UniqueIdentifier>
    </Filter>
    <Filter Include="common\memory">
      <UniqueIdentifier>{61afadec-784b-425a-96b1-43a84dbc3d2e}</UniqueIdentifier>
    </Filter>
    <Filter Include="common\threads">
      <UniqueIdentifier>{f814a9c7-8669-4b94-b6fa-29ef951dc23d}</UniqueIdentifier>
    </Filter>
    <Filter Include="Source Files\shaders">
      <UniqueIdentifier>{983a5ccb-92c0-4f40-8e3f-28a9cab13b2e}</UniqueIdentifier>
    </Filter>
    <Filter Include="mtin_common">
      <UniqueIdentifier>{70de2472-49c1-4d70-b529-399a19d3cda2}</UniqueIdentifier>
    </Filter>
    <Filter Include="common\rendering">
      <UniqueIdentifier>{c1321075-f141-478e-bd26-f9286a239cdc}</UniqueIdentifier>
    </Filter>
    <Filter Include="common\translators">
      <UniqueIdentifier>{2a28f46a-b40f-4722-b926-505c84b0ed12}</UniqueIdentifier>
    </Filter>
  </ItemGroup>
  <ItemGroup>
    <ClCompile Include="..\..\common\cpp\mayaObject.cpp">
      <Filter>common</Filter>
    </ClCompile>
    <ClCompile Include="..\..\common\cpp\mayaScene.cpp">
      <Filter>common</Filter>
    </ClCompile>
    <ClCompile Include="..\..\common\cpp\renderGlobals.cpp">
      <Filter>common</Filter>
    </ClCompile>
    <ClCompile Include="..\..\common\cpp\utilities\attrTools.cpp">
      <Filter>common\utilities</Filter>
    </ClCompile>
    <ClCompile Include="..\..\common\cpp\utilities\logging.cpp">
      <Filter>common\utilities</Filter>
    </ClCompile>
    <ClCompile Include="..\..\common\cpp\utilities\pystring.cpp">
      <Filter>common\utilities</Filter>
    </ClCompile>
    <ClCompile Include="..\..\common\cpp\utilities\tools.cpp">
      <Filter>common\utilities</Filter>
    </ClCompile>
    <ClCompile Include="..\..\common\cpp\shadingtools\material.cpp">
      <Filter>common\shadingTools</Filter>
    </ClCompile>
    <ClCompile Include="..\..\common\cpp\shadingtools\shadingNode.cpp">
      <Filter>common\shadingTools</Filter>
    </ClCompile>
    <ClCompile Include="..\..\common\cpp\mayarendernodes\renderGlobalsNode.cpp">
      <Filter>common\mayarendernodes</Filter>
    </ClCompile>
    <ClCompile Include="..\..\common\cpp\mayarendernodes\rendercmd.cpp">
      <Filter>common\mayarendernodes</Filter>
    </ClCompile>
    <ClCompile Include="..\..\common\cpp\memory\memoryInfo.cpp">
      <Filter>common\memory</Filter>
    </ClCompile>
    <ClCompile Include="..\..\common\cpp\threads\queue.cpp">
      <Filter>common\threads</Filter>
    </ClCompile>
    <ClCompile Include="..\..\common\cpp\threads\threads.cpp">
      <Filter>common\threads</Filter>
    </ClCompile>
    <ClCompile Include="..\src\mayatoIndigo.cpp">
      <Filter>Source Files</Filter>
    </ClCompile>
    <ClCompile Include="..\src\pluginMain.cpp">
      <Filter>Source Files</Filter>
    </ClCompile>
    <ClCompile Include="..\..\common\cpp\threads\renderQueueWorker.cpp">
      <Filter>common\threads</Filter>
    </ClCompile>
    <ClCompile Include="..\..\common\cpp\utilities\MiniMap.cpp">
      <Filter>common\utilities</Filter>
    </ClCompile>
    <ClCompile Include="..\src\Indigo\Indigo.cpp">
      <Filter>Source Files\Indigo</Filter>
    </ClCompile>
    <ClCompile Include="..\src\Indigo\IndigoGeometry.cpp">
      <Filter>Source Files\Indigo</Filter>
    </ClCompile>
    <ClCompile Include="..\src\Indigo\IndigoLights.cpp">
      <Filter>Source Files\Indigo</Filter>
    </ClCompile>
    <ClCompile Include="..\src\mtin_common\mtin_mayaObject.cpp">
      <Filter>mtin_common</Filter>
    </ClCompile>
    <ClCompile Include="..\src\mtin_common\mtin_mayaScene.cpp">
      <Filter>mtin_common</Filter>
    </ClCompile>
    <ClCompile Include="..\src\mtin_common\mtin_renderGlobals.cpp">
      <Filter>mtin_common</Filter>
    </ClCompile>
    <ClCompile Include="..\src\mtin_common\mtin_renderGlobalsNode.cpp">
      <Filter>mtin_common</Filter>
    </ClCompile>
    <ClCompile Include="..\src\Indigo\IndigoShaders.cpp">
      <Filter>Source Files\Indigo</Filter>
    </ClCompile>
    <ClCompile Include="..\src\Indigo\IndigoUtils.cpp">
      <Filter>Source Files\Indigo</Filter>
    </ClCompile>
    <ClCompile Include="..\src\Indigo\IndigoRendererController.cpp">
      <Filter>Source Files\Indigo</Filter>
    </ClCompile>
    <ClCompile Include="..\..\common\cpp\mayarendernodes\standinLocatorNode.cpp">
      <Filter>common\mayarendernodes</Filter>
    </ClCompile>
    <ClCompile Include="..\..\common\cpp\mayarendernodes\standinMeshNode.cpp">
      <Filter>common\mayarendernodes</Filter>
    </ClCompile>
    <ClCompile Include="..\..\common\cpp\shadingtools\shadingUtils.cpp">
      <Filter>common\shadingTools</Filter>
    </ClCompile>
    <ClCompile Include="..\..\common\cpp\translators\meshTranslator.cpp">
      <Filter>common\translators</Filter>
    </ClCompile>
    <ClCompile Include="..\src\Indigo\IndigoCamera.cpp">
      <Filter>Source Files\Indigo</Filter>
    </ClCompile>
    <ClCompile Include="..\src\Indigo\IndigoEnvironment.cpp">
      <Filter>Source Files\Indigo</Filter>
    </ClCompile>
    <ClCompile Include="..\src\mtin_common\mtin_swatchRenderer.cpp">
      <Filter>mtin_common</Filter>
    </ClCompile>
    <ClCompile Include="..\..\common\cpp\shadingtools\shaderDefs.cpp">
      <Filter>common\shadingTools</Filter>
    </ClCompile>
    <ClCompile Include="..\src\Indigo\IndigoCallbacks.cpp">
      <Filter>Source Files\Indigo</Filter>
    </ClCompile>
    <ClCompile Include="..\src\Indigo\IndigoParser.cpp">
      <Filter>Source Files\Indigo</Filter>
    </ClCompile>
    <ClCompile Include="..\src\Indigo\IndigoRenderSettings.cpp">
      <Filter>Source Files\Indigo</Filter>
    </ClCompile>
    <ClCompile Include="..\src\shaders\inBlendMaterial.cpp">
      <Filter>Source Files\shaders</Filter>
    </ClCompile>
    <ClCompile Include="..\src\shaders\inBlendMaterialOverride.cpp">
      <Filter>Source Files\shaders</Filter>
    </ClCompile>
    <ClCompile Include="..\src\shaders\inDiffuseMaterial.cpp">
      <Filter>Source Files\shaders</Filter>
    </ClCompile>
    <ClCompile Include="..\src\shaders\inDiffuseMaterialOverride.cpp">
      <Filter>Source Files\shaders</Filter>
    </ClCompile>
    <ClCompile Include="..\src\shaders\inDiffuseTransmitterMaterial.cpp">
      <Filter>Source Files\shaders</Filter>
    </ClCompile>
    <ClCompile Include="..\src\shaders\inDiffuseTransmitterMaterialOverride.cpp">
      <Filter>Source Files\shaders</Filter>
    </ClCompile>
    <ClCompile Include="..\src\shaders\inGlossyTransparentMaterial.cpp">
      <Filter>Source Files\shaders</Filter>
    </ClCompile>
    <ClCompile Include="..\src\shaders\inGlossyTransparentMaterialOverride.cpp">
      <Filter>Source Files\shaders</Filter>
    </ClCompile>
    <ClCompile Include="..\src\shaders\inNullMaterial.cpp">
      <Filter>Source Files\shaders</Filter>
    </ClCompile>
    <ClCompile Include="..\src\shaders\inNullMaterialOverride.cpp">
      <Filter>Source Files\shaders</Filter>
    </ClCompile>
    <ClCompile Include="..\src\shaders\inOrenNayarMaterial.cpp">
      <Filter>Source Files\shaders</Filter>
    </ClCompile>
    <ClCompile Include="..\src\shaders\inOrenNayarMaterialOverride.cpp">
      <Filter>Source Files\shaders</Filter>
    </ClCompile>
    <ClCompile Include="..\src\shaders\inPhongMaterial.cpp">
      <Filter>Source Files\shaders</Filter>
    </ClCompile>
    <ClCompile Include="..\src\shaders\inPhongMaterialOverride.cpp">
      <Filter>Source Files\shaders</Filter>
    </ClCompile>
    <ClCompile Include="..\src\shaders\inSpecularMaterial.cpp">
      <Filter>Source Files\shaders</Filter>
    </ClCompile>
    <ClCompile Include="..\src\shaders\inSpecularMaterialOverride.cpp">
      <Filter>Source Files\shaders</Filter>
    </ClCompile>
    <ClCompile Include="..\src\shaders\inMediumBasicMaterial.cpp">
      <Filter>Source Files\shaders</Filter>
    </ClCompile>
    <ClCompile Include="..\src\shaders\inMediumBasicMaterialOverride.cpp">
      <Filter>Source Files\shaders</Filter>
    </ClCompile>
    <ClCompile Include="..\src\shaders\inMediumDermisMaterial.cpp">
      <Filter>Source Files\shaders</Filter>
    </ClCompile>
    <ClCompile Include="..\src\shaders\inMediumDermisMaterialOverride.cpp">
      <Filter>Source Files\shaders</Filter>
    </ClCompile>
    <ClCompile Include="..\src\shaders\inMediumEpidermisMaterial.cpp">
      <Filter>Source Files\shaders</Filter>
    </ClCompile>
    <ClCompile Include="..\src\shaders\inMediumEpidermisMaterialOverride.cpp">
      <Filter>Source Files\shaders</Filter>
    </ClCompile>
    <ClCompile Include="..\src\Indigo\IndigoImgExport.cpp">
      <Filter>Source Files\Indigo</Filter>
    </ClCompile>
    <ClCompile Include="..\src\mtin_common\mtin_mayaSceneFactory.cpp">
      <Filter>mtin_common</Filter>
    </ClCompile>
    <ClCompile Include="..\src\Indigo\IndigoToneMapper.cpp">
      <Filter>Source Files\Indigo</Filter>
    </ClCompile>
    <ClCompile Include="..\src\shaders\inISLNode.cpp">
      <Filter>Source Files\shaders</Filter>
    </ClCompile>
    <ClCompile Include="..\src\mtin_common\mtin_world.cpp">
      <Filter>mtin_common</Filter>
    </ClCompile>
    <ClCompile Include="..\..\common\cpp\world.cpp">
      <Filter>common</Filter>
    </ClCompile>
  </ItemGroup>
  <ItemGroup>
    <ClInclude Include="..\..\common\cpp\mayaObject.h">
      <Filter>common</Filter>
    </ClInclude>
    <ClInclude Include="..\..\common\cpp\mayaScene.h">
      <Filter>common</Filter>
    </ClInclude>
    <ClInclude Include="..\..\common\cpp\renderGlobals.h">
      <Filter>common</Filter>
    </ClInclude>
    <ClInclude Include="..\..\common\cpp\utilities\logging.h">
      <Filter>common\utilities</Filter>
    </ClInclude>
    <ClInclude Include="..\..\common\cpp\utilities\attrTools.h">
      <Filter>common\utilities</Filter>
    </ClInclude>
    <ClInclude Include="..\..\common\cpp\utilities\pystring.h">
      <Filter>common\utilities</Filter>
    </ClInclude>
    <ClInclude Include="..\..\common\cpp\utilities\tools.h">
      <Filter>common\utilities</Filter>
    </ClInclude>
    <ClInclude Include="..\..\common\cpp\shadingtools\material.h">
      <Filter>common\shadingTools</Filter>
    </ClInclude>
    <ClInclude Include="..\..\common\cpp\shadingtools\shadingNode.h">
      <Filter>common\shadingTools</Filter>
    </ClInclude>
    <ClInclude Include="..\..\common\cpp\mayarendernodes\rendercmd.h">
      <Filter>common\mayarendernodes</Filter>
    </ClInclude>
    <ClInclude Include="..\..\common\cpp\mayarendernodes\renderGlobalsNode.h">
      <Filter>common\mayarendernodes</Filter>
    </ClInclude>
    <ClInclude Include="..\..\common\cpp\memory\memoryInfo.h">
      <Filter>common\memory</Filter>
    </ClInclude>
    <ClInclude Include="..\..\common\cpp\threads\queue.h">
      <Filter>common\threads</Filter>
    </ClInclude>
    <ClInclude Include="..\..\common\cpp\threads\threads.h">
      <Filter>common\threads</Filter>
    </ClInclude>
    <ClInclude Include="..\..\common\cpp\threads\renderQueueWorker.h">
      <Filter>common\threads</Filter>
    </ClInclude>
    <ClInclude Include="..\..\common\cpp\utilities\MiniMap.h">
      <Filter>common\utilities</Filter>
    </ClInclude>
    <ClInclude Include="..\src\Indigo\Indigo.h">
      <Filter>Source Files\Indigo</Filter>
    </ClInclude>
    <ClInclude Include="..\src\mayatoIndigo.h">
      <Filter>Source Files</Filter>
    </ClInclude>
    <ClInclude Include="..\src\mtin_common\mtin_mayaScene.h">
      <Filter>mtin_common</Filter>
    </ClInclude>
    <ClInclude Include="..\src\mtin_common\mtin_renderGlobals.h">
      <Filter>mtin_common</Filter>
    </ClInclude>
    <ClInclude Include="..\src\mtin_common\mtin_renderGlobalsNode.h">
      <Filter>mtin_common</Filter>
    </ClInclude>
    <ClInclude Include="..\..\common\cpp\rendering\renderer.h">
      <Filter>common\rendering</Filter>
    </ClInclude>
    <ClInclude Include="..\src\mtin_common\mtin_mayaObject.h">
      <Filter>mtin_common</Filter>
    </ClInclude>
    <ClInclude Include="..\src\Indigo\IndigoRendererController.h">
      <Filter>Source Files\Indigo</Filter>
    </ClInclude>
    <ClInclude Include="..\..\common\cpp\mayarendernodes\standinMeshNode.h">
      <Filter>common\mayarendernodes</Filter>
    </ClInclude>
    <ClInclude Include="..\..\common\cpp\mayarendernodes\standinLocatorNode.h">
      <Filter>common\mayarendernodes</Filter>
    </ClInclude>
    <ClInclude Include="..\..\common\cpp\shadingtools\shadingUtils.h">
      <Filter>common\shadingTools</Filter>
    </ClInclude>
    <ClInclude Include="..\..\common\cpp\translators\meshTranslator.h">
      <Filter>common\translators</Filter>
    </ClInclude>
    <ClInclude Include="..\src\mtin_common\mtin_swatchRenderer.h">
      <Filter>mtin_common</Filter>
    </ClInclude>
    <ClInclude Include="..\..\common\cpp\shadingtools\shaderDefs.h">
      <Filter>common\shadingTools</Filter>
    </ClInclude>
    <ClInclude Include="..\src\shaders\inBlendMaterial.h">
      <Filter>Source Files\shaders</Filter>
    </ClInclude>
    <ClInclude Include="..\src\shaders\inBlendMaterialOverride.h">
      <Filter>Source Files\shaders</Filter>
    </ClInclude>
    <ClInclude Include="..\src\shaders\inDiffuseMaterial.h">
      <Filter>Source Files\shaders</Filter>
    </ClInclude>
    <ClInclude Include="..\src\shaders\inDiffuseMaterialOverride.h">
      <Filter>Source Files\shaders</Filter>
    </ClInclude>
    <ClInclude Include="..\src\shaders\inDiffuseTransmitterMaterial.h">
      <Filter>Source Files\shaders</Filter>
    </ClInclude>
    <ClInclude Include="..\src\shaders\inDiffuseTransmitterMaterialOverride.h">
      <Filter>Source Files\shaders</Filter>
    </ClInclude>
    <ClInclude Include="..\src\shaders\inGlossyTransparentMaterial.h">
      <Filter>Source Files\shaders</Filter>
    </ClInclude>
    <ClInclude Include="..\src\shaders\inGlossyTransparentMaterialOverride.h">
      <Filter>Source Files\shaders</Filter>
    </ClInclude>
    <ClInclude Include="..\src\shaders\inNullMaterial.h">
      <Filter>Source Files\shaders</Filter>
    </ClInclude>
    <ClInclude Include="..\src\shaders\inNullMaterialOverride.h">
      <Filter>Source Files\shaders</Filter>
    </ClInclude>
    <ClInclude Include="..\src\shaders\inOrenNayarMaterial.h">
      <Filter>Source Files\shaders</Filter>
    </ClInclude>
    <ClInclude Include="..\src\shaders\inOrenNayarMaterialOverride.h">
      <Filter>Source Files\shaders</Filter>
    </ClInclude>
    <ClInclude Include="..\src\shaders\inPhongMaterial.h">
      <Filter>Source Files\shaders</Filter>
    </ClInclude>
    <ClInclude Include="..\src\shaders\inPhongMaterialOverride.h">
      <Filter>Source Files\shaders</Filter>
    </ClInclude>
    <ClInclude Include="..\src\shaders\inSpecularMaterial.h">
      <Filter>Source Files\shaders</Filter>
    </ClInclude>
    <ClInclude Include="..\src\shaders\inSpecularMaterialOverride.h">
      <Filter>Source Files\shaders</Filter>
    </ClInclude>
    <ClInclude Include="..\src\shaders\inMediumBasicMaterial.h">
      <Filter>Source Files\shaders</Filter>
    </ClInclude>
    <ClInclude Include="..\src\shaders\inMediumBasicMaterialOverride.h">
      <Filter>Source Files\shaders</Filter>
    </ClInclude>
    <ClInclude Include="..\src\shaders\inMediumDermisMaterial.h">
      <Filter>Source Files\shaders</Filter>
    </ClInclude>
    <ClInclude Include="..\src\shaders\inMediumDermisMaterialOverride.h">
      <Filter>Source Files\shaders</Filter>
    </ClInclude>
    <ClInclude Include="..\src\shaders\inMediumEpidermisMaterial.h">
      <Filter>Source Files\shaders</Filter>
    </ClInclude>
    <ClInclude Include="..\src\shaders\inMediumEpidermisMaterialOverride.h">
      <Filter>Source Files\shaders</Filter>
    </ClInclude>
    <ClInclude Include="..\src\Indigo\IndigoImgExport.h">
      <Filter>Source Files\Indigo</Filter>
    </ClInclude>
    <ClInclude Include="..\..\common\cpp\mayaSceneFactory.h">
      <Filter>common</Filter>
    </ClInclude>
    <ClInclude Include="..\src\shaders\inISLNode.h">
      <Filter>Source Files\shaders</Filter>
    </ClInclude>
    <ClInclude Include="..\..\common\cpp\world.h">
      <Filter>common</Filter>
    </ClInclude>
  </ItemGroup>
  <ItemGroup>
    <None Include="sourceCodeDocs\globalsNodeAttributes.txt">
      <Filter>ressources</Filter>
    </None>
    <None Include="sourceCodeDocs\materials.txt">
      <Filter>ressources</Filter>
    </None>
    <None Include="..\mtin_devmodule\ressources\shaderDefinitions.txt">
      <Filter>ressources</Filter>
    </None>
    <None Include="sourceCodeDocs\volumes.txt">
      <Filter>ressources</Filter>
    </None>
    <None Include="..\mtin_devmodule\ressources\releaseNotes.txt">
      <Filter>ressources</Filter>
    </None>
  </ItemGroup>
</Project>