<?xml version="1.0" encoding="utf-8"?>
<Project ToolsVersion="4.0" xmlns="http://schemas.microsoft.com/developer/msbuild/2003">
  <ItemGroup>
    <Filter Include="Source Files">
      <UniqueIdentifier>{02db943f-c527-4ad4-a2e3-fb354307731e}</UniqueIdentifier>
      <Extensions>cpp</Extensions>
    </Filter>
    <Filter Include="Miscellaneous Files">
      <UniqueIdentifier>{c496ca20-d9e3-4ee5-95be-8ee5c51a75d4}</UniqueIdentifier>
      <Extensions>txt</Extensions>
    </Filter>
    <Filter Include="common">
      <UniqueIdentifier>{0bb19cdd-d9b0-4f91-85fb-474ac5b7f2ad}</UniqueIdentifier>
    </Filter>
    <Filter Include="common\utilities">
      <UniqueIdentifier>{d1712b80-a0b7-4127-a3c4-ca14ca16f47b}</UniqueIdentifier>
    </Filter>
    <Filter Include="common\shadingTools">
      <UniqueIdentifier>{6239aafd-8b7a-4668-b3d1-8ac8df5fbdf8}</UniqueIdentifier>
    </Filter>
    <Filter Include="common\mayarendernodes">
      <UniqueIdentifier>{8580b335-0787-4bf6-88a9-a50a4fe96c23}</UniqueIdentifier>
    </Filter>
    <Filter Include="ressources">
      <UniqueIdentifier>{f40734d1-1307-4116-8ce5-7bd286f02559}</UniqueIdentifier>
    </Filter>
    <Filter Include="Source Files\Thea">
      <UniqueIdentifier>{831bd360-ab0c-4180-b2e7-a04f84982b9c}</UniqueIdentifier>
    </Filter>
    <Filter Include="common\memory">
      <UniqueIdentifier>{61afadec-784b-425a-96b1-43a84dbc3d2e}</UniqueIdentifier>
    </Filter>
    <Filter Include="common\threads">
      <UniqueIdentifier>{f814a9c7-8669-4b94-b6fa-29ef951dc23d}</UniqueIdentifier>
    </Filter>
    <Filter Include="Source Files\shaders">
      <UniqueIdentifier>{983a5ccb-92c0-4f40-8e3f-28a9cab13b2e}</UniqueIdentifier>
    </Filter>
    <Filter Include="mtth_common">
      <UniqueIdentifier>{70de2472-49c1-4d70-b529-399a19d3cda2}</UniqueIdentifier>
    </Filter>
    <Filter Include="common\rendering">
      <UniqueIdentifier>{c1321075-f141-478e-bd26-f9286a239cdc}</UniqueIdentifier>
    </Filter>
    <Filter Include="common\translators">
      <UniqueIdentifier>{2a28f46a-b40f-4722-b926-505c84b0ed12}</UniqueIdentifier>
    </Filter>
    <Filter Include="Source Files\textures">
      <UniqueIdentifier>{a9722b40-1188-41b7-9929-cc1569830698}</UniqueIdentifier>
    </Filter>
    <Filter Include="common\swatchesRenderer">
      <UniqueIdentifier>{55d40bc4-3d18-4fa7-9b66-5ddebb3ea6fa}</UniqueIdentifier>
    </Filter>
  </ItemGroup>
  <ItemGroup>
    <ClCompile Include="..\..\common\cpp\mayaObject.cpp">
      <Filter>common</Filter>
    </ClCompile>
    <ClCompile Include="..\..\common\cpp\mayaScene.cpp">
      <Filter>common</Filter>
    </ClCompile>
    <ClCompile Include="..\..\common\cpp\renderGlobals.cpp">
      <Filter>common</Filter>
    </ClCompile>
    <ClCompile Include="..\..\common\cpp\utilities\attrTools.cpp">
      <Filter>common\utilities</Filter>
    </ClCompile>
    <ClCompile Include="..\..\common\cpp\utilities\logging.cpp">
      <Filter>common\utilities</Filter>
    </ClCompile>
    <ClCompile Include="..\..\common\cpp\utilities\pystring.cpp">
      <Filter>common\utilities</Filter>
    </ClCompile>
    <ClCompile Include="..\..\common\cpp\utilities\tools.cpp">
      <Filter>common\utilities</Filter>
    </ClCompile>
    <ClCompile Include="..\..\common\cpp\shadingtools\material.cpp">
      <Filter>common\shadingTools</Filter>
    </ClCompile>
    <ClCompile Include="..\..\common\cpp\shadingtools\shadingNode.cpp">
      <Filter>common\shadingTools</Filter>
    </ClCompile>
    <ClCompile Include="..\..\common\cpp\mayarendernodes\renderGlobalsNode.cpp">
      <Filter>common\mayarendernodes</Filter>
    </ClCompile>
    <ClCompile Include="..\..\common\cpp\mayarendernodes\rendercmd.cpp">
      <Filter>common\mayarendernodes</Filter>
    </ClCompile>
    <ClCompile Include="..\..\common\cpp\memory\memoryInfo.cpp">
      <Filter>common\memory</Filter>
    </ClCompile>
    <ClCompile Include="..\..\common\cpp\threads\queue.cpp">
      <Filter>common\threads</Filter>
    </ClCompile>
    <ClCompile Include="..\..\common\cpp\threads\threads.cpp">
      <Filter>common\threads</Filter>
    </ClCompile>
    <ClCompile Include="..\src\mayatoThea.cpp">
      <Filter>Source Files</Filter>
    </ClCompile>
    <ClCompile Include="..\src\pluginMain.cpp">
      <Filter>Source Files</Filter>
    </ClCompile>
    <ClCompile Include="..\..\common\cpp\threads\renderQueueWorker.cpp">
      <Filter>common\threads</Filter>
    </ClCompile>
    <ClCompile Include="..\..\common\cpp\utilities\MiniMap.cpp">
      <Filter>common\utilities</Filter>
    </ClCompile>
    <ClCompile Include="..\src\Thea\Thea.cpp">
      <Filter>Source Files\Thea</Filter>
    </ClCompile>
    <ClCompile Include="..\src\Thea\TheaGeometry.cpp">
      <Filter>Source Files\Thea</Filter>
    </ClCompile>
    <ClCompile Include="..\src\Thea\TheaLights.cpp">
      <Filter>Source Files\Thea</Filter>
    </ClCompile>
    <ClCompile Include="..\src\mtth_common\mtth_mayaObject.cpp">
      <Filter>mtth_common</Filter>
    </ClCompile>
    <ClCompile Include="..\src\mtth_common\mtth_mayaScene.cpp">
      <Filter>mtth_common</Filter>
    </ClCompile>
    <ClCompile Include="..\src\mtth_common\mtth_renderGlobals.cpp">
      <Filter>mtth_common</Filter>
    </ClCompile>
    <ClCompile Include="..\src\mtth_common\mtth_renderGlobalsNode.cpp">
      <Filter>mtth_common</Filter>
    </ClCompile>
    <ClCompile Include="..\src\Thea\TheaShaders.cpp">
      <Filter>Source Files\Thea</Filter>
    </ClCompile>
    <ClCompile Include="..\src\Thea\TheaUtils.cpp">
      <Filter>Source Files\Thea</Filter>
    </ClCompile>
    <ClCompile Include="..\..\common\cpp\rendering\renderer.cpp">
      <Filter>common\rendering</Filter>
    </ClCompile>
    <ClCompile Include="..\src\Thea\TheaRendererController.cpp">
      <Filter>Source Files\Thea</Filter>
    </ClCompile>
    <ClCompile Include="..\..\common\cpp\mayarendernodes\standinLocatorNode.cpp">
      <Filter>common\mayarendernodes</Filter>
    </ClCompile>
    <ClCompile Include="..\..\common\cpp\mayarendernodes\standinMeshNode.cpp">
      <Filter>common\mayarendernodes</Filter>
    </ClCompile>
    <ClCompile Include="..\..\common\cpp\shadingtools\shadingUtils.cpp">
      <Filter>common\shadingTools</Filter>
    </ClCompile>
    <ClCompile Include="..\..\common\cpp\translators\meshTranslator.cpp">
      <Filter>common\translators</Filter>
    </ClCompile>
    <ClCompile Include="..\src\Thea\TheaCamera.cpp">
      <Filter>Source Files\Thea</Filter>
    </ClCompile>
    <ClCompile Include="..\src\Thea\TheaEnvironment.cpp">
      <Filter>Source Files\Thea</Filter>
    </ClCompile>
    <ClCompile Include="..\src\mtth_common\mtth_swatchRenderer.cpp">
      <Filter>mtth_common</Filter>
    </ClCompile>
    <ClCompile Include="..\..\common\cpp\shadingtools\shaderDefs.cpp">
      <Filter>common\shadingTools</Filter>
    </ClCompile>
    <ClCompile Include="..\src\mtth_common\mtth_mayaSceneFactory.cpp">
      <Filter>mtth_common</Filter>
    </ClCompile>
    <ClCompile Include="..\src\Thea\TestRenderer.cpp">
      <Filter>Source Files\Thea</Filter>
    </ClCompile>
    <ClCompile Include="..\src\Thea\TheaFramebufferCallback.cpp">
      <Filter>Source Files\Thea</Filter>
    </ClCompile>
    <ClCompile Include="..\src\shaders\BasicBSDFMaterial.cpp">
      <Filter>Source Files\shaders</Filter>
    </ClCompile>
    <ClCompile Include="..\src\shaders\BasicBSDFMaterialOverride.cpp">
      <Filter>Source Files\shaders</Filter>
    </ClCompile>
    <ClCompile Include="..\src\shaders\BssdfBSDFMaterial.cpp">
      <Filter>Source Files\shaders</Filter>
    </ClCompile>
    <ClCompile Include="..\src\shaders\BssdfBSDFMaterialOverride.cpp">
      <Filter>Source Files\shaders</Filter>
    </ClCompile>
    <ClCompile Include="..\src\shaders\CoatingBSDFMaterial.cpp">
      <Filter>Source Files\shaders</Filter>
    </ClCompile>
    <ClCompile Include="..\src\shaders\CoatingBSDFMaterialOverride.cpp">
      <Filter>Source Files\shaders</Filter>
    </ClCompile>
    <ClCompile Include="..\src\shaders\GlossyBSDFMaterial.cpp">
      <Filter>Source Files\shaders</Filter>
    </ClCompile>
    <ClCompile Include="..\src\shaders\GlossyBSDFMaterialOverride.cpp">
      <Filter>Source Files\shaders</Filter>
    </ClCompile>
    <ClCompile Include="..\src\shaders\TheaMaterialMaterial.cpp">
      <Filter>Source Files\shaders</Filter>
    </ClCompile>
    <ClCompile Include="..\src\shaders\TheaMaterialMaterialOverride.cpp">
      <Filter>Source Files\shaders</Filter>
    </ClCompile>
    <ClCompile Include="..\src\shaders\ThinFilmBSDFMaterial.cpp">
      <Filter>Source Files\shaders</Filter>
    </ClCompile>
    <ClCompile Include="..\src\shaders\ThinFilmBSDFMaterialOverride.cpp">
      <Filter>Source Files\shaders</Filter>
    </ClCompile>
    <ClCompile Include="..\src\Thea\TheaSettings.cpp">
      <Filter>Source Files\Thea</Filter>
    </ClCompile>
    <ClCompile Include="..\src\Thea\TheaXMLUtil.cpp">
      <Filter>Source Files\Thea</Filter>
    </ClCompile>
    <ClCompile Include="..\src\shaders\DiffuseLightMaterial.cpp">
      <Filter>Source Files\shaders</Filter>
    </ClCompile>
    <ClCompile Include="..\src\textures\blackBody.cpp">
      <Filter>Source Files\textures</Filter>
    </ClCompile>
    <ClCompile Include="..\src\textures\checker.cpp">
      <Filter>Source Files\textures</Filter>
    </ClCompile>
    <ClCompile Include="..\src\textures\combine.cpp">
      <Filter>Source Files\textures</Filter>
    </ClCompile>
    <ClCompile Include="..\src\textures\concentric.cpp">
      <Filter>Source Files\textures</Filter>
    </ClCompile>
    <ClCompile Include="..\src\textures\curl.cpp">
      <Filter>Source Files\textures</Filter>
    </ClCompile>
    <ClCompile Include="..\src\textures\gradient.cpp">
      <Filter>Source Files\textures</Filter>
    </ClCompile>
    <ClCompile Include="..\src\textures\marble.cpp">
      <Filter>Source Files\textures</Filter>
    </ClCompile>
    <ClCompile Include="..\src\textures\perlin.cpp">
      <Filter>Source Files\textures</Filter>
    </ClCompile>
    <ClCompile Include="..\src\textures\synthesis.cpp">
      <Filter>Source Files\textures</Filter>
    </ClCompile>
    <ClCompile Include="..\src\textures\voronoi.cpp">
      <Filter>Source Files\textures</Filter>
    </ClCompile>
    <ClCompile Include="..\src\textures\weight.cpp">
      <Filter>Source Files\textures</Filter>
    </ClCompile>
    <ClCompile Include="..\src\textures\windy.cpp">
      <Filter>Source Files\textures</Filter>
    </ClCompile>
    <ClCompile Include="..\src\textures\wireframe.cpp">
      <Filter>Source Files\textures</Filter>
    </ClCompile>
    <ClCompile Include="..\src\textures\wood.cpp">
      <Filter>Source Files\textures</Filter>
    </ClCompile>
    <ClCompile Include="..\..\common\cpp\swatchesRenderer\swatchRenderer.cpp">
      <Filter>common\swatchesRenderer</Filter>
    </ClCompile>
  </ItemGroup>
  <ItemGroup>
    <ClInclude Include="..\..\common\cpp\mayaObject.h">
      <Filter>common</Filter>
    </ClInclude>
    <ClInclude Include="..\..\common\cpp\mayaScene.h">
      <Filter>common</Filter>
    </ClInclude>
    <ClInclude Include="..\..\common\cpp\renderGlobals.h">
      <Filter>common</Filter>
    </ClInclude>
    <ClInclude Include="..\..\common\cpp\utilities\logging.h">
      <Filter>common\utilities</Filter>
    </ClInclude>
    <ClInclude Include="..\..\common\cpp\utilities\attrTools.h">
      <Filter>common\utilities</Filter>
    </ClInclude>
    <ClInclude Include="..\..\common\cpp\utilities\pystring.h">
      <Filter>common\utilities</Filter>
    </ClInclude>
    <ClInclude Include="..\..\common\cpp\utilities\tools.h">
      <Filter>common\utilities</Filter>
    </ClInclude>
    <ClInclude Include="..\..\common\cpp\shadingtools\material.h">
      <Filter>common\shadingTools</Filter>
    </ClInclude>
    <ClInclude Include="..\..\common\cpp\shadingtools\shadingNode.h">
      <Filter>common\shadingTools</Filter>
    </ClInclude>
    <ClInclude Include="..\..\common\cpp\mayarendernodes\rendercmd.h">
      <Filter>common\mayarendernodes</Filter>
    </ClInclude>
    <ClInclude Include="..\..\common\cpp\mayarendernodes\renderGlobalsNode.h">
      <Filter>common\mayarendernodes</Filter>
    </ClInclude>
    <ClInclude Include="..\..\common\cpp\memory\memoryInfo.h">
      <Filter>common\memory</Filter>
    </ClInclude>
    <ClInclude Include="..\..\common\cpp\threads\queue.h">
      <Filter>common\threads</Filter>
    </ClInclude>
    <ClInclude Include="..\..\common\cpp\threads\threads.h">
      <Filter>common\threads</Filter>
    </ClInclude>
    <ClInclude Include="..\..\common\cpp\threads\renderQueueWorker.h">
      <Filter>common\threads</Filter>
    </ClInclude>
    <ClInclude Include="..\..\common\cpp\utilities\MiniMap.h">
      <Filter>common\utilities</Filter>
    </ClInclude>
    <ClInclude Include="..\src\Thea\Thea.h">
      <Filter>Source Files\Thea</Filter>
    </ClInclude>
    <ClInclude Include="..\src\mayatoThea.h">
      <Filter>Source Files</Filter>
    </ClInclude>
    <ClInclude Include="..\src\mtth_common\mtth_mayaScene.h">
      <Filter>mtth_common</Filter>
    </ClInclude>
    <ClInclude Include="..\src\mtth_common\mtth_renderGlobals.h">
      <Filter>mtth_common</Filter>
    </ClInclude>
    <ClInclude Include="..\src\mtth_common\mtth_renderGlobalsNode.h">
      <Filter>mtth_common</Filter>
    </ClInclude>
    <ClInclude Include="..\..\common\cpp\rendering\renderer.h">
      <Filter>common\rendering</Filter>
    </ClInclude>
    <ClInclude Include="..\src\mtth_common\mtth_mayaObject.h">
      <Filter>mtth_common</Filter>
    </ClInclude>
    <ClInclude Include="..\src\Thea\TheaRendererController.h">
      <Filter>Source Files\Thea</Filter>
    </ClInclude>
    <ClInclude Include="..\..\common\cpp\mayarendernodes\standinMeshNode.h">
      <Filter>common\mayarendernodes</Filter>
    </ClInclude>
    <ClInclude Include="..\..\common\cpp\mayarendernodes\standinLocatorNode.h">
      <Filter>common\mayarendernodes</Filter>
    </ClInclude>
    <ClInclude Include="..\..\common\cpp\shadingtools\shadingUtils.h">
      <Filter>common\shadingTools</Filter>
    </ClInclude>
    <ClInclude Include="..\..\common\cpp\translators\meshTranslator.h">
      <Filter>common\translators</Filter>
    </ClInclude>
    <ClInclude Include="..\src\mtth_common\mtth_swatchRenderer.h">
      <Filter>mtth_common</Filter>
    </ClInclude>
    <ClInclude Include="..\..\common\cpp\shadingtools\shaderDefs.h">
      <Filter>common\shadingTools</Filter>
    </ClInclude>
    <ClInclude Include="..\..\common\cpp\mayaSceneFactory.h">
      <Filter>common</Filter>
    </ClInclude>
    <ClInclude Include="..\src\Thea\TheaFramebufferCallback.h">
      <Filter>Source Files\Thea</Filter>
    </ClInclude>
    <ClInclude Include="..\src\shaders\BasicBSDFMaterial.h">
      <Filter>Source Files\shaders</Filter>
    </ClInclude>
    <ClInclude Include="..\src\shaders\BasicBSDFMaterialOverride.h">
      <Filter>Source Files\shaders</Filter>
    </ClInclude>
    <ClInclude Include="..\src\shaders\BssdfBSDFMaterial.h">
      <Filter>Source Files\shaders</Filter>
    </ClInclude>
    <ClInclude Include="..\src\shaders\BssdfBSDFMaterialOverride.h">
      <Filter>Source Files\shaders</Filter>
    </ClInclude>
    <ClInclude Include="..\src\shaders\CoatingBSDFMaterial.h">
      <Filter>Source Files\shaders</Filter>
    </ClInclude>
    <ClInclude Include="..\src\shaders\CoatingBSDFMaterialOverride.h">
      <Filter>Source Files\shaders</Filter>
    </ClInclude>
    <ClInclude Include="..\src\shaders\GlossyBSDFMaterial.h">
      <Filter>Source Files\shaders</Filter>
    </ClInclude>
    <ClInclude Include="..\src\shaders\GlossyBSDFMaterialOverride.h">
      <Filter>Source Files\shaders</Filter>
    </ClInclude>
    <ClInclude Include="..\src\shaders\TheaMaterialMaterial.h">
      <Filter>Source Files\shaders</Filter>
    </ClInclude>
    <ClInclude Include="..\src\shaders\TheaMaterialMaterialOverride.h">
      <Filter>Source Files\shaders</Filter>
    </ClInclude>
    <ClInclude Include="..\src\shaders\ThinFilmBSDFMaterial.h">
      <Filter>Source Files\shaders</Filter>
    </ClInclude>
    <ClInclude Include="..\src\shaders\ThinFilmBSDFMaterialOverride.h">
      <Filter>Source Files\shaders</Filter>
    </ClInclude>
    <ClInclude Include="..\src\Thea\TheaXMLUtil.h">
      <Filter>Source Files\Thea</Filter>
    </ClInclude>
    <ClInclude Include="..\src\shaders\DiffuseLightMaterial.h">
      <Filter>Source Files\shaders</Filter>
    </ClInclude>
    <ClInclude Include="..\src\Thea\TheaDummy.h">
      <Filter>Source Files\Thea</Filter>
    </ClInclude>
    <ClInclude Include="..\src\textures\blackBody.h">
      <Filter>Source Files\textures</Filter>
    </ClInclude>
    <ClInclude Include="..\src\textures\checker.h">
      <Filter>Source Files\textures</Filter>
    </ClInclude>
    <ClInclude Include="..\src\textures\combine.h">
      <Filter>Source Files\textures</Filter>
    </ClInclude>
    <ClInclude Include="..\src\textures\concentric.h">
      <Filter>Source Files\textures</Filter>
    </ClInclude>
    <ClInclude Include="..\src\textures\curl.h">
      <Filter>Source Files\textures</Filter>
    </ClInclude>
    <ClInclude Include="..\src\textures\gradient.h">
      <Filter>Source Files\textures</Filter>
    </ClInclude>
    <ClInclude Include="..\src\textures\marble.h">
      <Filter>Source Files\textures</Filter>
    </ClInclude>
    <ClInclude Include="..\src\textures\perlin.h">
      <Filter>Source Files\textures</Filter>
    </ClInclude>
    <ClInclude Include="..\src\textures\synthesis.h">
      <Filter>Source Files\textures</Filter>
    </ClInclude>
    <ClInclude Include="..\src\textures\voronoi.h">
      <Filter>Source Files\textures</Filter>
    </ClInclude>
    <ClInclude Include="..\src\textures\weight.h">
      <Filter>Source Files\textures</Filter>
    </ClInclude>
    <ClInclude Include="..\src\textures\windy.h">
      <Filter>Source Files\textures</Filter>
    </ClInclude>
    <ClInclude Include="..\src\textures\wireframe.h">
      <Filter>Source Files\textures</Filter>
    </ClInclude>
    <ClInclude Include="..\src\textures\wood.h">
      <Filter>Source Files\textures</Filter>
    </ClInclude>
    <ClInclude Include="..\..\common\cpp\swatchesRenderer\swatchRenderer.h">
      <Filter>common\swatchesRenderer</Filter>
    </ClInclude>
    <ClInclude Include="..\..\common\cpp\swatchesRenderer\swatchGeometry.h">
      <Filter>common\swatchesRenderer</Filter>
    </ClInclude>
    <ClInclude Include="..\..\common\cpp\swatchesRenderer\swatchRendererInterface.h">
      <Filter>common\swatchesRenderer</Filter>
    </ClInclude>
  </ItemGroup>
  <ItemGroup>
    <None Include="sourceCodeDocs\assemblyWorkflow.txt">
      <Filter>ressources</Filter>
    </None>
    <None Include="sourceCodeDocs\theainfos.txt">
      <Filter>ressources</Filter>
    </None>
    <None Include="..\mtth_devmodule\ressources\CornellBox.xml">
      <Filter>ressources</Filter>
    </None>
    <None Include="sourceCodeDocs\globalsNodeAttributes.txt">
      <Filter>ressources</Filter>
    </None>
    <None Include="sourceCodeDocs\materials.txt">
      <Filter>ressources</Filter>
    </None>
    <None Include="sourceCodeDocs\releaseNotes.txt">
      <Filter>ressources</Filter>
    </None>
    <None Include="..\mtth_devmodule\ressources\shaderDefinitions.txt">
      <Filter>ressources</Filter>
    </None>
  </ItemGroup>
  <ItemGroup>
    <Text Include="sourceCodeDocs\textures.txt">
      <Filter>ressources</Filter>
    </Text>
  </ItemGroup>
</Project>